lockfileVersion: '9.0'

settings:
  autoInstallPeers: true
  excludeLinksFromLockfile: false

importers:

  .:
    dependencies:
      '@vercel/edge-config':
        specifier: ^1.4.0
        version: 1.4.0

packages:

  '@vercel/edge-config-fs@0.1.0':
    resolution: {integrity: sha512-NRIBwfcS0bUoUbRWlNGetqjvLSwgYH/BqKqDN7vK1g32p7dN96k0712COgaz6VFizAm9b0g6IG6hR6+hc0KCPg==}

  '@vercel/edge-config@1.4.0':
    resolution: {integrity: sha512-69Wg5gw9DzwnyUmnjToSeLRm1nm8mCPgN0kflX8EHRHyqvzH80wPem5A8rI2LXPb2Y9tJNoqN3vXPcQhS2Wh5g==}
    engines: {node: '>=14.6'}
    peerDependencies:
      '@opentelemetry/api': ^1.7.0
    peerDependenciesMeta:
      '@opentelemetry/api':
        optional: true

snapshots:

  '@vercel/edge-config-fs@0.1.0': {}

  '@vercel/edge-config@1.4.0':
    dependencies:
      '@vercel/edge-config-fs': 0.1.0
